
Microsoft Visual Studio Solution File, Format Version 12.00
# Visual Studio Version 16
VisualStudioVersion = 16.0.31613.86
MinimumVisualStudioVersion = 10.0.40219.1
Project("{FAE04EC0-301F-11D3-BF4B-00C04F79EFBC}") = "birthday-prob", "birthday-prob\birthday-prob.csproj", "{1ABDCE3A-6890-4020-9463-4FA434057B44}"
EndProject
Global
	GlobalSection(SolutionConfigurationPlatforms) = preSolution
		Debug|Any CPU = Debug|Any CPU
		Release|Any CPU = Release|Any CPU
	EndGlobalSection
	GlobalSection(ProjectConfigurationPlatforms) = postSolution
		{1ABDCE3A-6890-4020-9463-4FA434057B44}.Debug|Any CPU.ActiveCfg = Debug|Any CPU
		{1ABDCE3A-6890-4020-9463-4FA434057B44}.Debug|Any CPU.Build.0 = Debug|Any CPU
		{1ABDCE3A-6890-4020-9463-4FA434057B44}.Release|Any CPU.ActiveCfg = Release|Any CPU
		{1ABDCE3A-6890-4020-9463-4FA434057B44}.Release|Any CPU.Build.0 = Release|Any CPU
	EndGlobalSection
	GlobalSection(SolutionProperties) = preSolution
		HideSolutionNode = FALSE
	EndGlobalSection
	GlobalSection(ExtensibilityGlobals) = postSolution
		SolutionGuid = {EE5A515F-7270-4F52-857C-44C3D46A9512}
	EndGlobalSection
EndGlobal
