
Microsoft Visual Studio Solution File, Format Version 12.00
# Visual Studio Version 16
VisualStudioVersion = 16.0.31613.86
MinimumVisualStudioVersion = 10.0.40219.1
Project("{FAE04EC0-301F-11D3-BF4B-00C04F79EFBC}") = "magnifier", "magnifier\magnifier.csproj", "{674D5A42-DDA3-49F6-85D3-E3E95EBDE7CC}"
EndProject
Global
	GlobalSection(SolutionConfigurationPlatforms) = preSolution
		Debug|Any CPU = Debug|Any CPU
		Release|Any CPU = Release|Any CPU
	EndGlobalSection
	GlobalSection(ProjectConfigurationPlatforms) = postSolution
		{674D5A42-DDA3-49F6-85D3-E3E95EBDE7CC}.Debug|Any CPU.ActiveCfg = Debug|Any CPU
		{674D5A42-DDA3-49F6-85D3-E3E95EBDE7CC}.Debug|Any CPU.Build.0 = Debug|Any CPU
		{674D5A42-DDA3-49F6-85D3-E3E95EBDE7CC}.Release|Any CPU.ActiveCfg = Release|Any CPU
		{674D5A42-DDA3-49F6-85D3-E3E95EBDE7CC}.Release|Any CPU.Build.0 = Release|Any CPU
	EndGlobalSection
	GlobalSection(SolutionProperties) = preSolution
		HideSolutionNode = FALSE
	EndGlobalSection
	GlobalSection(ExtensibilityGlobals) = postSolution
		SolutionGuid = {F87AFB3F-4FAE-4832-9426-C86F5650ED12}
	EndGlobalSection
EndGlobal
